# This file was autogenerated by uv via the following command:
#    uv pip compile backend/requirements-dev.txt -c backend/requirements.lock --python-version 3.11 --universal -o backend/requirements-dev.lock
ast-serialize==0.11.2
    # via mypy
async-timeout==5.0.1 ; python_full_version < '3.11.3'
    # via
    #   -c backend/requirements.lock
    #   redis
colorama==0.4.6 ; sys_platform == 'win32'
    # via pytest
fakeredis==2.38.0
    # via -r backend/requirements-dev.txt
fasteners==0.20 ; sys_platform != 'win32'
    # via pgserver
iniconfig==2.3.0
    # via pytest
librt==0.16.0 ; platform_python_implementation != 'PyPy'
    # via mypy
mypy==2.3.1
    # via -r backend/requirements-dev.txt
mypy-extensions==1.1.0
    # via mypy
packaging==26.3
    # via pytest
pathspec==1.1.1
    # via mypy
pgserver==0.1.4 ; sys_platform != 'win32'
    # via -r backend/requirements-dev.txt
platformdirs==4.12.2 ; sys_platform != 'win32'
    # via pgserver
pluggy==1.6.0
    # via pytest
psutil==7.2.2 ; sys_platform != 'win32'
    # via pgserver
pygments==2.21.0
    # via pytest
pyjwt==2.15.1
    # via
    #   -c backend/requirements.lock
    #   redis
pytest==9.1.1
    # via
    #   -r backend/requirements-dev.txt
    #   pytest-asyncio
pytest-asyncio==1.4.0
    # via -r backend/requirements-dev.txt
redis==5.3.1
    # via
    #   -c backend/requirements.lock
    #   fakeredis
ruff==0.16.9
    # via -r backend/requirements-dev.txt
sortedcontainers==2.4.0
    # via fakeredis
typing-extensions==4.16.0
    # via
    #   -c backend/requirements.lock
    #   mypy
    #   pytest-asyncio
